// !$*UTF8*$!
{
	archiveVersion = 1;
	classes = {
	};
	objectVersion = 55;
	objects = {

/* Begin PBXBuildFile section */
		0D927A592AD5377800E6877E /* MyCustomSquare.swift in Sources */ = {isa = PBXBuildFile; fileRef = 0D927A582AD5377800E6877E /* MyCustomSquare.swift */; };
		0D927A5B2AD53E7B00E6877E /* MyCustomSquarex.swift in Sources */ = {isa = PBXBuildFile; fileRef = 0D927A5A2AD53E7B00E6877E /* MyCustomSquarex.swift */; };
		0D9CF9042AD3F4E80012B509 /* AppDelegate.swift in Sources */ = {isa = PBXBuildFile; fileRef = 0D9CF9032AD3F4E80012B509 /* AppDelegate.swift */; };
		0D9CF9062AD3F4E80012B509 /* SceneDelegate.swift in Sources */ = {isa = PBXBuildFile; fileRef = 0D9CF9052AD3F4E80012B509 /* SceneDelegate.swift */; };
		0D9CF90B2AD3F4E80012B509 /* Main.storyboard in Resources */ = {isa = PBXBuildFile; fileRef = 0D9CF9092AD3F4E80012B509 /* Main.storyboard */; };
		0D9CF90D2AD3F4EA0012B509 /* Assets.xcassets in Resources */ = {isa = PBXBuildFile; fileRef = 0D9CF90C2AD3F4EA0012B509 /* Assets.xcassets */; };
		0D9CF9102AD3F4EA0012B509 /* LaunchScreen.storyboard in Resources */ = {isa = PBXBuildFile; fileRef = 0D9CF90E2AD3F4EA0012B509 /* LaunchScreen.storyboard */; };
		0D9CF9182AD3F6130012B509 /* LankMark.swift in Sources */ = {isa = PBXBuildFile; fileRef = 0D9CF9172AD3F6130012B509 /* LankMark.swift */; };
		0D9CF91A2AD3F7240012B509 /* ViewController.swift in Sources */ = {isa = PBXBuildFile; fileRef = 0D9CF9192AD3F7240012B509 /* ViewController.swift */; };
		0D9CF9212AD400EF0012B509 /* DetailsVC.swift in Sources */ = {isa = PBXBuildFile; fileRef = 0D9CF9202AD400EF0012B509 /* DetailsVC.swift */; };
/* End PBXBuildFile section */

/* Begin PBXFileReference section */
		0D927A582AD5377800E6877E /* MyCustomSquare.swift */ = {isa = PBXFileReference; lastKnownFileType = sourcecode.swift; path = MyCustomSquare.swift; sourceTree = "<group>"; };
		0D927A5A2AD53E7B00E6877E /* MyCustomSquarex.swift */ = {isa = PBXFileReference; lastKnownFileType = sourcecode.swift; path = MyCustomSquarex.swift; sourceTree = "<group>"; };
		0D9CF9002AD3F4E80012B509 /* ColectionView.app */ = {isa = PBXFileReference; explicitFileType = wrapper.application; includeInIndex = 0; path = ColectionView.app; sourceTree = BUILT_PRODUCTS_DIR; };
		0D9CF9032AD3F4E80012B509 /* AppDelegate.swift */ = {isa = PBXFileReference; lastKnownFileType = sourcecode.swift; path = AppDelegate.swift; sourceTree = "<group>"; };
		0D9CF9052AD3F4E80012B509 /* SceneDelegate.swift */ = {isa = PBXFileReference; lastKnownFileType = sourcecode.swift; path = SceneDelegate.swift; sourceTree = "<group>"; };
		0D9CF90A2AD3F4E80012B509 /* Base */ = {isa = PBXFileReference; lastKnownFileType = file.storyboard; name = Base; path = Base.lproj/Main.storyboard; sourceTree = "<group>"; };
		0D9CF90C2AD3F4EA0012B509 /* Assets.xcassets */ = {isa = PBXFileReference; lastKnownFileType = folder.assetcatalog; path = Assets.xcassets; sourceTree = "<group>"; };
		0D9CF90F2AD3F4EA0012B509 /* Base */ = {isa = PBXFileReference; lastKnownFileType = file.storyboard; name = Base; path = Base.lproj/LaunchScreen.storyboard; sourceTree = "<group>"; };
		0D9CF9112AD3F4EA0012B509 /* Info.plist */ = {isa = PBXFileReference; lastKnownFileType = text.plist.xml; path = Info.plist; sourceTree = "<group>"; };
		0D9CF9172AD3F6130012B509 /* LankMark.swift */ = {isa = PBXFileReference; lastKnownFileType = sourcecode.swift; path = LankMark.swift; sourceTree = "<group>"; };
		0D9CF9192AD3F7240012B509 /* ViewController.swift */ = {isa = PBXFileReference; lastKnownFileType = sourcecode.swift; path = ViewController.swift; sourceTree = "<group>"; };
		0D9CF9202AD400EF0012B509 /* DetailsVC.swift */ = {isa = PBXFileReference; lastKnownFileType = sourcecode.swift; path = DetailsVC.swift; sourceTree = "<group>"; };
/* End PBXFileReference section */

/* Begin PBXFrameworksBuildPhase section */
		0D9CF8FD2AD3F4E80012B509 /* Frameworks */ = {
			isa = PBXFrameworksBuildPhase;
			buildActionMask = 2147483647;
			files = (
			);
			runOnlyForDeploymentPostprocessing = 0;
		};
/* End PBXFrameworksBuildPhase section */

/* Begin PBXGroup section */
		0D9CF8F72AD3F4E80012B509 = {
			isa = PBXGroup;
			children = (
				0D9CF9022AD3F4E80012B509 /* ColectionView */,
				0D9CF9012AD3F4E80012B509 /* Products */,
			);
			sourceTree = "<group>";
		};
		0D9CF9012AD3F4E80012B509 /* Products */ = {
			isa = PBXGroup;
			children = (
				0D9CF9002AD3F4E80012B509 /* ColectionView.app */,
			);
			name = Products;
			sourceTree = "<group>";
		};
		0D9CF9022AD3F4E80012B509 /* ColectionView */ = {
			isa = PBXGroup;
			children = (
				0D9CF9032AD3F4E80012B509 /* AppDelegate.swift */,
				0D9CF9052AD3F4E80012B509 /* SceneDelegate.swift */,
				0D9CF9092AD3F4E80012B509 /* Main.storyboard */,
				0D9CF90C2AD3F4EA0012B509 /* Assets.xcassets */,
				0D9CF90E2AD3F4EA0012B509 /* LaunchScreen.storyboard */,
				0D9CF9112AD3F4EA0012B509 /* Info.plist */,
				0D9CF9172AD3F6130012B509 /* LankMark.swift */,
				0D9CF9192AD3F7240012B509 /* ViewController.swift */,
				0D9CF9202AD400EF0012B509 /* DetailsVC.swift */,
				0D927A582AD5377800E6877E /* MyCustomSquare.swift */,
				0D927A5A2AD53E7B00E6877E /* MyCustomSquarex.swift */,
			);
			path = ColectionView;
			sourceTree = "<group>";
		};
/* End PBXGroup section */

/* Begin PBXNativeTarget section */
		0D9CF8FF2AD3F4E80012B509 /* ColectionView */ = {
			isa = PBXNativeTarget;
			buildConfigurationList = 0D9CF9142AD3F4EA0012B509 /* Build configuration list for PBXNativeTarget "ColectionView" */;
			buildPhases = (
				0D9CF8FC2AD3F4E80012B509 /* Sources */,
				0D9CF8FD2AD3F4E80012B509 /* Frameworks */,
				0D9CF8FE2AD3F4E80012B509 /* Resources */,
			);
			buildRules = (
			);
			dependencies = (
			);
			name = ColectionView;
			productName = ColectionView;
			productReference = 0D9CF9002AD3F4E80012B509 /* ColectionView.app */;
			productType = "com.apple.product-type.application";
		};
/* End PBXNativeTarget section */

/* Begin PBXProject section */
		0D9CF8F82AD3F4E80012B509 /* Project object */ = {
			isa = PBXProject;
			attributes = {
				BuildIndependentTargetsInParallel = 1;
				LastSwiftUpdateCheck = 1340;
				LastUpgradeCheck = 1340;
				TargetAttributes = {
					0D9CF8FF2AD3F4E80012B509 = {
						CreatedOnToolsVersion = 13.4.1;
					};
				};
			};
			buildConfigurationList = 0D9CF8FB2AD3F4E80012B509 /* Build configuration list for PBXProject "ColectionView" */;
			compatibilityVersion = "Xcode 13.0";
			developmentRegion = en;
			hasScannedForEncodings = 0;
			knownRegions = (
				en,
				Base,
			);
			mainGroup = 0D9CF8F72AD3F4E80012B509;
			productRefGroup = 0D9CF9012AD3F4E80012B509 /* Products */;
			projectDirPath = "";
			projectRoot = "";
			targets = (
				0D9CF8FF2AD3F4E80012B509 /* ColectionView */,
			);
		};
/* End PBXProject section */

/* Begin PBXResourcesBuildPhase section */
		0D9CF8FE2AD3F4E80012B509 /* Resources */ = {
			isa = PBXResourcesBuildPhase;
			buildActionMask = 2147483647;
			files = (
				0D9CF9102AD3F4EA0012B509 /* LaunchScreen.storyboard in Resources */,
				0D9CF90D2AD3F4EA0012B509 /* Assets.xcassets in Resources */,
				0D9CF90B2AD3F4E80012B509 /* Main.storyboard in Resources */,
			);
			runOnlyForDeploymentPostprocessing = 0;
		};
/* End PBXResourcesBuildPhase section */

/* Begin PBXSourcesBuildPhase section */
		0D9CF8FC2AD3F4E80012B509 /* Sources */ = {
			isa = PBXSourcesBuildPhase;
			buildActionMask = 2147483647;
			files = (
				0D9CF9042AD3F4E80012B509 /* AppDelegate.swift in Sources */,
				0D927A592AD5377800E6877E /* MyCustomSquare.swift in Sources */,
				0D9CF9182AD3F6130012B509 /* LankMark.swift in Sources */,
				0D9CF91A2AD3F7240012B509 /* ViewController.swift in Sources */,
				0D9CF9062AD3F4E80012B509 /* SceneDelegate.swift in Sources */,
				0D927A5B2AD53E7B00E6877E /* MyCustomSquarex.swift in Sources */,
				0D9CF9212AD400EF0012B509 /* DetailsVC.swift in Sources */,
			);
			runOnlyForDeploymentPostprocessing = 0;
		};
/* End PBXSourcesBuildPhase section */

/* Begin PBXVariantGroup section */
		0D9CF9092AD3F4E80012B509 /* Main.storyboard */ = {
			isa = PBXVariantGroup;
			children = (
				0D9CF90A2AD3F4E80012B509 /* Base */,
			);
			name = Main.storyboard;
			sourceTree = "<group>";
		};
		0D9CF90E2AD3F4EA0012B509 /* LaunchScreen.storyboard */ = {
			isa = PBXVariantGroup;
			children = (
				0D9CF90F2AD3F4EA0012B509 /* Base */,
			);
			name = LaunchScreen.storyboard;
			sourceTree = "<group>";
		};
/* End PBXVariantGroup section */

/* Begin XCBuildConfiguration section */
		0D9CF9122AD3F4EA0012B509 /* Debug */ = {
			isa = XCBuildConfiguration;
			buildSettings = {
				ALWAYS_SEARCH_USER_PATHS = NO;
				CLANG_ANALYZER_NONNULL = YES;
				CLANG_ANALYZER_NUMBER_OBJECT_CONVERSION = YES_AGGRESSIVE;
				CLANG_CXX_LANGUAGE_STANDARD = "gnu++17";
				CLANG_ENABLE_MODULES = YES;
				CLANG_ENABLE_OBJC_ARC = YES;
				CLANG_ENABLE_OBJC_WEAK = YES;
				CLANG_WARN_BLOCK_CAPTURE_AUTORELEASING = YES;
				CLANG_WARN_BOOL_CONVERSION = YES;
				CLANG_WARN_COMMA = YES;
				CLANG_WARN_CONSTANT_CONVERSION = YES;
				CLANG_WARN_DEPRECATED_OBJC_IMPLEMENTATIONS = YES;
				CLANG_WARN_DIRECT_OBJC_ISA_USAGE = YES_ERROR;
				CLANG_WARN_DOCUMENTATION_COMMENTS = YES;
				CLANG_WARN_EMPTY_BODY = YES;
				CLANG_WARN_ENUM_CONVERSION = YES;
				CLANG_WARN_INFINITE_RECURSION = YES;
				CLANG_WARN_INT_CONVERSION = YES;
				CLANG_WARN_NON_LITERAL_NULL_CONVERSION = YES;
				CLANG_WARN_OBJC_IMPLICIT_RETAIN_SELF = YES;
				CLANG_WARN_OBJC_LITERAL_CONVERSION = YES;
				CLANG_WARN_OBJC_ROOT_CLASS = YES_ERROR;
				CLANG_WARN_QUOTED_INCLUDE_IN_FRAMEWORK_HEADER = YES;
				CLANG_WARN_RANGE_LOOP_ANALYSIS = YES;
				CLANG_WARN_STRICT_PROTOTYPES = YES;
				CLANG_WARN_SUSPICIOUS_MOVE = YES;
				CLANG_WARN_UNGUARDED_AVAILABILITY = YES_AGGRESSIVE;
				CLANG_WARN_UNREACHABLE_CODE = YES;
				CLANG_WARN__DUPLICATE_METHOD_MATCH = YES;
				COPY_PHASE_STRIP = NO;
				DEBUG_INFORMATION_FORMAT = dwarf;
				ENABLE_STRICT_OBJC_MSGSEND = YES;
				ENABLE_TESTABILITY = YES;
				GCC_C_LANGUAGE_STANDARD = gnu11;
				GCC_DYNAMIC_NO_PIC = NO;
				GCC_NO_COMMON_BLOCKS = YES;
				GCC_OPTIMIZATION_LEVEL = 0;
				GCC_PREPROCESSOR_DEFINITIONS = (
					"DEBUG=1",
					"$(inherited)",
				);
				GCC_WARN_64_TO_32_BIT_CONVERSION = YES;
				GCC_WARN_ABOUT_RETURN_TYPE = YES_ERROR;
				GCC_WARN_UNDECLARED_SELECTOR = YES;
				GCC_WARN_UNINITIALIZED_AUTOS = YES_AGGRESSIVE;
				GCC_WARN_UNUSED_FUNCTION = YES;
				GCC_WARN_UNUSED_VARIABLE = YES;
				IPHONEOS_DEPLOYMENT_TARGET = 15.5;
				MTL_ENABLE_DEBUG_INFO = INCLUDE_SOURCE;
				MTL_FAST_MATH = YES;
				ONLY_ACTIVE_ARCH = YES;
				SDKROOT = iphoneos;
				SWIFT_ACTIVE_COMPILATION_CONDITIONS = DEBUG;
				SWIFT_OPTIMIZATION_LEVEL = "-Onone";
			};
			name = Debug;
		};
		0D9CF9132AD3F4EA0012B509 /* Release */ = {
			isa = XCBuildConfiguration;
			buildSettings = {
				ALWAYS_SEARCH_USER_PATHS = NO;
				CLANG_ANALYZER_NONNULL = YES;
				CLANG_ANALYZER_NUMBER_OBJECT_CONVERSION = YES_AGGRESSIVE;
				CLANG_CXX_LANGUAGE_STANDARD = "gnu++17";
				CLANG_ENABLE_MODULES = YES;
				CLANG_ENABLE_OBJC_ARC = YES;
				CLANG_ENABLE_OBJC_WEAK = YES;
				CLANG_WARN_BLOCK_CAPTURE_AUTORELEASING = YES;
				CLANG_WARN_BOOL_CONVERSION = YES;
				CLANG_WARN_COMMA = YES;
				CLANG_WARN_CONSTANT_CONVERSION = YES;
				CLANG_WARN_DEPRECATED_OBJC_IMPLEMENTATIONS = YES;
				CLANG_WARN_DIRECT_OBJC_ISA_USAGE = YES_ERROR;
				CLANG_WARN_DOCUMENTATION_COMMENTS = YES;
				CLANG_WARN_EMPTY_BODY = YES;
				CLANG_WARN_ENUM_CONVERSION = YES;
				CLANG_WARN_INFINITE_RECURSION = YES;
				CLANG_WARN_INT_CONVERSION = YES;
				CLANG_WARN_NON_LITERAL_NULL_CONVERSION = YES;
				CLANG_WARN_OBJC_IMPLICIT_RETAIN_SELF = YES;
				CLANG_WARN_OBJC_LITERAL_CONVERSION = YES;
				CLANG_WARN_OBJC_ROOT_CLASS = YES_ERROR;
				CLANG_WARN_QUOTED_INCLUDE_IN_FRAMEWORK_HEADER = YES;
				CLANG_WARN_RANGE_LOOP_ANALYSIS = YES;
				CLANG_WARN_STRICT_PROTOTYPES = YES;
				CLANG_WARN_SUSPICIOUS_MOVE = YES;
				CLANG_WARN_UNGUARDED_AVAILABILITY = YES_AGGRESSIVE;
				CLANG_WARN_UNREACHABLE_CODE = YES;
				CLANG_WARN__DUPLICATE_METHOD_MATCH = YES;
				COPY_PHASE_STRIP = NO;
				DEBUG_INFORMATION_FORMAT = "dwarf-with-dsym";
				ENABLE_NS_ASSERTIONS = NO;
				ENABLE_STRICT_OBJC_MSGSEND = YES;
				GCC_C_LANGUAGE_STANDARD = gnu11;
				GCC_NO_COMMON_BLOCKS = YES;
				GCC_WARN_64_TO_32_BIT_CONVERSION = YES;
				GCC_WARN_ABOUT_RETURN_TYPE = YES_ERROR;
				GCC_WARN_UNDECLARED_SELECTOR = YES;
				GCC_WARN_UNINITIALIZED_AUTOS = YES_AGGRESSIVE;
				GCC_WARN_UNUSED_FUNCTION = YES;
				GCC_WARN_UNUSED_VARIABLE = YES;
				IPHONEOS_DEPLOYMENT_TARGET = 15.5;
				MTL_ENABLE_DEBUG_INFO = NO;
				MTL_FAST_MATH = YES;
				SDKROOT = iphoneos;
				SWIFT_COMPILATION_MODE = wholemodule;
				SWIFT_OPTIMIZATION_LEVEL = "-O";
				VALIDATE_PRODUCT = YES;
			};
			name = Release;
		};
		0D9CF9152AD3F4EA0012B509 /* Debug */ = {
			isa = XCBuildConfiguration;
			buildSettings = {
				ASSETCATALOG_COMPILER_APPICON_NAME = AppIcon;
				ASSETCATALOG_COMPILER_GLOBAL_ACCENT_COLOR_NAME = AccentColor;
				CODE_SIGN_STYLE = Automatic;
				CURRENT_PROJECT_VERSION = 1;
				GENERATE_INFOPLIST_FILE = YES;
				INFOPLIST_FILE = ColectionView/Info.plist;
				INFOPLIST_KEY_UIApplicationSupportsIndirectInputEvents = YES;
				INFOPLIST_KEY_UILaunchStoryboardName = LaunchScreen;
				INFOPLIST_KEY_UIMainStoryboardFile = Main;
				INFOPLIST_KEY_UISupportedInterfaceOrientations_iPad = "UIInterfaceOrientationPortrait UIInterfaceOrientationPortraitUpsideDown UIInterfaceOrientationLandscapeLeft UIInterfaceOrientationLandscapeRight";
				INFOPLIST_KEY_UISupportedInterfaceOrientations_iPhone = "UIInterfaceOrientationPortrait UIInterfaceOrientationLandscapeLeft UIInterfaceOrientationLandscapeRight";
				LD_RUNPATH_SEARCH_PATHS = (
					"$(inherited)",
					"@executable_path/Frameworks",
				);
				MARKETING_VERSION = 1.0;
				PRODUCT_BUNDLE_IDENTIFIER = com.frenky.ColectionView;
				PRODUCT_NAME = "$(TARGET_NAME)";
				SWIFT_EMIT_LOC_STRINGS = YES;
				SWIFT_VERSION = 5.0;
				TARGETED_DEVICE_FAMILY = "1,2";
			};
			name = Debug;
		};
		0D9CF9162AD3F4EA0012B509 /* Release */ = {
			isa = XCBuildConfiguration;
			buildSettings = {
				ASSETCATALOG_COMPILER_APPICON_NAME = AppIcon;
				ASSETCATALOG_COMPILER_GLOBAL_ACCENT_COLOR_NAME = AccentColor;
				CODE_SIGN_STYLE = Automatic;
				CURRENT_PROJECT_VERSION = 1;
				GENERATE_INFOPLIST_FILE = YES;
				INFOPLIST_FILE = ColectionView/Info.plist;
				INFOPLIST_KEY_UIApplicationSupportsIndirectInputEvents = YES;
				INFOPLIST_KEY_UILaunchStoryboardName = LaunchScreen;
				INFOPLIST_KEY_UIMainStoryboardFile = Main;
				INFOPLIST_KEY_UISupportedInterfaceOrientations_iPad = "UIInterfaceOrientationPortrait UIInterfaceOrientationPortraitUpsideDown UIInterfaceOrientationLandscapeLeft UIInterfaceOrientationLandscapeRight";
				INFOPLIST_KEY_UISupportedInterfaceOrientations_iPhone = "UIInterfaceOrientationPortrait UIInterfaceOrientationLandscapeLeft UIInterfaceOrientationLandscapeRight";
				LD_RUNPATH_SEARCH_PATHS = (
					"$(inherited)",
					"@executable_path/Frameworks",
				);
				MARKETING_VERSION = 1.0;
				PRODUCT_BUNDLE_IDENTIFIER = com.frenky.ColectionView;
				PRODUCT_NAME = "$(TARGET_NAME)";
				SWIFT_EMIT_LOC_STRINGS = YES;
				SWIFT_VERSION = 5.0;
				TARGETED_DEVICE_FAMILY = "1,2";
			};
			name = Release;
		};
/* End XCBuildConfiguration section */

/* Begin XCConfigurationList section */
		0D9CF8FB2AD3F4E80012B509 /* Build configuration list for PBXProject "ColectionView" */ = {
			isa = XCConfigurationList;
			buildConfigurations = (
				0D9CF9122AD3F4EA0012B509 /* Debug */,
				0D9CF9132AD3F4EA0012B509 /* Release */,
			);
			defaultConfigurationIsVisible = 0;
			defaultConfigurationName = Release;
		};
		0D9CF9142AD3F4EA0012B509 /* Build configuration list for PBXNativeTarget "ColectionView" */ = {
			isa = XCConfigurationList;
			buildConfigurations = (
				0D9CF9152AD3F4EA0012B509 /* Debug */,
				0D9CF9162AD3F4EA0012B509 /* Release */,
			);
			defaultConfigurationIsVisible = 0;
			defaultConfigurationName = Release;
		};
/* End XCConfigurationList section */
	};
	rootObject = 0D9CF8F82AD3F4E80012B509 /* Project object */;
}
